// !$*UTF8*$!
{
	archiveVersion = 1;
	classes = {
	};
	objectVersion = 77;
	objects = {

/* Begin PBXBuildFile section */
		A80695542F64FCDA000EFE55 /* AppTypography.swift in Sources */ = {isa = PBXBuildFile; fileRef = A80695532F64FCDA000EFE55 /* AppTypography.swift */; };
		A85345522EFFC6540068A87F /* ContentView.swift in Sources */ = {isa = PBXBuildFile; fileRef = A85345502EFFC6540068A87F /* ContentView.swift */; };
		A85345532EFFC6540068A87F /* KeyExpanderApp.swift in Sources */ = {isa = PBXBuildFile; fileRef = A85345512EFFC6540068A87F /* KeyExpanderApp.swift */; };
		A85345572EFFC7210068A87F /* SQLite in Frameworks */ = {isa = PBXBuildFile; productRef = A85345562EFFC7210068A87F /* SQLite */; };
		A85345622EFFCA4F0068A87F /* Snippet.swift in Sources */ = {isa = PBXBuildFile; fileRef = A853455B2EFFC7710068A87F /* Snippet.swift */; };
		A85345632EFFCA5C0068A87F /* DatabaseManager.swift in Sources */ = {isa = PBXBuildFile; fileRef = A853455C2EFFC7930068A87F /* DatabaseManager.swift */; };
		A85345642EFFCA640068A87F /* SnippetRepository.swift in Sources */ = {isa = PBXBuildFile; fileRef = A853455D2EFFC7A90068A87F /* SnippetRepository.swift */; };
		A85345662EFFD6AB0068A87F /* Category.swift in Sources */ = {isa = PBXBuildFile; fileRef = A85345652EFFD6AB0068A87F /* Category.swift */; };
		A85345682EFFD6C50068A87F /* CategoryRepository.swift in Sources */ = {isa = PBXBuildFile; fileRef = A85345672EFFD6C50068A87F /* CategoryRepository.swift */; };
		A853456A2EFFD6E80068A87F /* AppViewModel.swift in Sources */ = {isa = PBXBuildFile; fileRef = A85345692EFFD6E80068A87F /* AppViewModel.swift */; };
		A853456C2EFFD7150068A87F /* SidebarView.swift in Sources */ = {isa = PBXBuildFile; fileRef = A853456B2EFFD7150068A87F /* SidebarView.swift */; };
		A853456E2EFFD71F0068A87F /* SnippetListView.swift in Sources */ = {isa = PBXBuildFile; fileRef = A853456D2EFFD71F0068A87F /* SnippetListView.swift */; };
		A85345722EFFD7380068A87F /* SnippetEditorView.swift in Sources */ = {isa = PBXBuildFile; fileRef = A85345712EFFD7380068A87F /* SnippetEditorView.swift */; };
		A85345742EFFD74A0068A87F /* NewCategorySheet.swift in Sources */ = {isa = PBXBuildFile; fileRef = A85345732EFFD74A0068A87F /* NewCategorySheet.swift */; };
		A85345762EFFD7510068A87F /* NewSnippetSheet.swift in Sources */ = {isa = PBXBuildFile; fileRef = A85345752EFFD7510068A87F /* NewSnippetSheet.swift */; };
		A853457B2EFFFD470068A87F /* ListenerManager.swift in Sources */ = {isa = PBXBuildFile; fileRef = A853457A2EFFFD470068A87F /* ListenerManager.swift */; };
		A88A41D52F64D69D00C1D450 /* EditCategorySheet.swift in Sources */ = {isa = PBXBuildFile; fileRef = A88A41D42F64D69200C1D450 /* EditCategorySheet.swift */; };
		A88A41DB2F64DBB000C1D450 /* PermissionGateView.swift in Sources */ = {isa = PBXBuildFile; fileRef = A88A41DA2F64DBA000C1D450 /* PermissionGateView.swift */; };
		A8B4E8462EFEDA57004D4922 /* GlobalKeyListener.swift in Sources */ = {isa = PBXBuildFile; fileRef = A8B4E8452EFEDA57004D4922 /* GlobalKeyListener.swift */; };
		A8B4E8482EFEDA73004D4922 /* TextEngine.swift in Sources */ = {isa = PBXBuildFile; fileRef = A8B4E8472EFEDA73004D4922 /* TextEngine.swift */; };
		A8B4E84C2EFEDADB004D4922 /* StatusBarController.swift in Sources */ = {isa = PBXBuildFile; fileRef = A8B4E84B2EFEDADB004D4922 /* StatusBarController.swift */; };
/* End PBXBuildFile section */

/* Begin PBXFileReference section */
		A80695532F64FCDA000EFE55 /* AppTypography.swift */ = {isa = PBXFileReference; lastKnownFileType = sourcecode.swift; path = AppTypography.swift; sourceTree = "<group>"; };
		A85345502EFFC6540068A87F /* ContentView.swift */ = {isa = PBXFileReference; lastKnownFileType = sourcecode.swift; path = ContentView.swift; sourceTree = "<group>"; };
		A85345512EFFC6540068A87F /* KeyExpanderApp.swift */ = {isa = PBXFileReference; lastKnownFileType = sourcecode.swift; path = KeyExpanderApp.swift; sourceTree = "<group>"; };
		A853455B2EFFC7710068A87F /* Snippet.swift */ = {isa = PBXFileReference; lastKnownFileType = sourcecode.swift; path = Snippet.swift; sourceTree = "<group>"; };
		A853455C2EFFC7930068A87F /* DatabaseManager.swift */ = {isa = PBXFileReference; lastKnownFileType = sourcecode.swift; path = DatabaseManager.swift; sourceTree = "<group>"; };
		A853455D2EFFC7A90068A87F /* SnippetRepository.swift */ = {isa = PBXFileReference; lastKnownFileType = sourcecode.swift; path = SnippetRepository.swift; sourceTree = "<group>"; };
		A85345652EFFD6AB0068A87F /* Category.swift */ = {isa = PBXFileReference; lastKnownFileType = sourcecode.swift; path = Category.swift; sourceTree = "<group>"; };
		A85345672EFFD6C50068A87F /* CategoryRepository.swift */ = {isa = PBXFileReference; lastKnownFileType = sourcecode.swift; path = CategoryRepository.swift; sourceTree = "<group>"; };
		A85345692EFFD6E80068A87F /* AppViewModel.swift */ = {isa = PBXFileReference; lastKnownFileType = sourcecode.swift; path = AppViewModel.swift; sourceTree = "<group>"; };
		A853456B2EFFD7150068A87F /* SidebarView.swift */ = {isa = PBXFileReference; lastKnownFileType = sourcecode.swift; path = SidebarView.swift; sourceTree = "<group>"; };
		A853456D2EFFD71F0068A87F /* SnippetListView.swift */ = {isa = PBXFileReference; lastKnownFileType = sourcecode.swift; path = SnippetListView.swift; sourceTree = "<group>"; };
		A85345712EFFD7380068A87F /* SnippetEditorView.swift */ = {isa = PBXFileReference; lastKnownFileType = sourcecode.swift; path = SnippetEditorView.swift; sourceTree = "<group>"; };
		A85345732EFFD74A0068A87F /* NewCategorySheet.swift */ = {isa = PBXFileReference; lastKnownFileType = sourcecode.swift; path = NewCategorySheet.swift; sourceTree = "<group>"; };
		A85345752EFFD7510068A87F /* NewSnippetSheet.swift */ = {isa = PBXFileReference; lastKnownFileType = sourcecode.swift; path = NewSnippetSheet.swift; sourceTree = "<group>"; };
		A853457A2EFFFD470068A87F /* ListenerManager.swift */ = {isa = PBXFileReference; lastKnownFileType = sourcecode.swift; path = ListenerManager.swift; sourceTree = "<group>"; };
		A88A41D42F64D69200C1D450 /* EditCategorySheet.swift */ = {isa = PBXFileReference; lastKnownFileType = sourcecode.swift; path = EditCategorySheet.swift; sourceTree = "<group>"; };
		A88A41DA2F64DBA000C1D450 /* PermissionGateView.swift */ = {isa = PBXFileReference; lastKnownFileType = sourcecode.swift; path = PermissionGateView.swift; sourceTree = "<group>"; };
		A8B4E8372EFEDA01004D4922 /* KeyExpander.app */ = {isa = PBXFileReference; explicitFileType = wrapper.application; includeInIndex = 0; path = KeyExpander.app; sourceTree = BUILT_PRODUCTS_DIR; };
		A8B4E8452EFEDA57004D4922 /* GlobalKeyListener.swift */ = {isa = PBXFileReference; lastKnownFileType = sourcecode.swift; path = GlobalKeyListener.swift; sourceTree = "<group>"; };
		A8B4E8472EFEDA73004D4922 /* TextEngine.swift */ = {isa = PBXFileReference; lastKnownFileType = sourcecode.swift; path = TextEngine.swift; sourceTree = "<group>"; };
		A8B4E84B2EFEDADB004D4922 /* StatusBarController.swift */ = {isa = PBXFileReference; lastKnownFileType = sourcecode.swift; path = StatusBarController.swift; sourceTree = "<group>"; };
/* End PBXFileReference section */

/* Begin PBXFileSystemSynchronizedRootGroup section */
		A8B4E8392EFEDA01004D4922 /* KeyExpander */ = {
			isa = PBXFileSystemSynchronizedRootGroup;
			path = KeyExpander;
			sourceTree = "<group>";
		};
/* End PBXFileSystemSynchronizedRootGroup section */

/* Begin PBXFrameworksBuildPhase section */
		A8B4E8342EFEDA01004D4922 /* Frameworks */ = {
			isa = PBXFrameworksBuildPhase;
			buildActionMask = 2147483647;
			files = (
				A85345572EFFC7210068A87F /* SQLite in Frameworks */,
			);
			runOnlyForDeploymentPostprocessing = 0;
		};
/* End PBXFrameworksBuildPhase section */

/* Begin PBXGroup section */
		A85345582EFFC7470068A87F /* Models */ = {
			isa = PBXGroup;
			children = (
				A85345652EFFD6AB0068A87F /* Category.swift */,
				A853455B2EFFC7710068A87F /* Snippet.swift */,
			);
			path = Models;
			sourceTree = "<group>";
		};
		A85345592EFFC7510068A87F /* Database */ = {
			isa = PBXGroup;
			children = (
				A853455C2EFFC7930068A87F /* DatabaseManager.swift */,
			);
			path = Database;
			sourceTree = "<group>";
		};
		A853455A2EFFC7580068A87F /* Repositories */ = {
			isa = PBXGroup;
			children = (
				A85345672EFFD6C50068A87F /* CategoryRepository.swift */,
				A853455D2EFFC7A90068A87F /* SnippetRepository.swift */,
			);
			path = Repositories;
			sourceTree = "<group>";
		};
		A853455E2EFFC84D0068A87F /* App */ = {
			isa = PBXGroup;
			children = (
				A85345512EFFC6540068A87F /* KeyExpanderApp.swift */,
			);
			path = App;
			sourceTree = "<group>";
		};
		A853455F2EFFC8670068A87F /* UI */ = {
			isa = PBXGroup;
			children = (
				A88A41DA2F64DBA000C1D450 /* PermissionGateView.swift */,
				A88A41D42F64D69200C1D450 /* EditCategorySheet.swift */,
				A85345752EFFD7510068A87F /* NewSnippetSheet.swift */,
				A85345732EFFD74A0068A87F /* NewCategorySheet.swift */,
				A85345712EFFD7380068A87F /* SnippetEditorView.swift */,
				A853456D2EFFD71F0068A87F /* SnippetListView.swift */,
				A853456B2EFFD7150068A87F /* SidebarView.swift */,
				A85345502EFFC6540068A87F /* ContentView.swift */,
				A80695532F64FCDA000EFE55 /* AppTypography.swift */,
			);
			path = UI;
			sourceTree = "<group>";
		};
		A85345602EFFC88F0068A87F /* System */ = {
			isa = PBXGroup;
			children = (
				A8B4E84B2EFEDADB004D4922 /* StatusBarController.swift */,
			);
			path = System;
			sourceTree = "<group>";
		};
		A85345612EFFC8B80068A87F /* Engine */ = {
			isa = PBXGroup;
			children = (
				A8B4E8472EFEDA73004D4922 /* TextEngine.swift */,
			);
			path = Engine;
			sourceTree = "<group>";
		};
		A85345792EFFFD1D0068A87F /* ViewModels */ = {
			isa = PBXGroup;
			children = (
				A853457A2EFFFD470068A87F /* ListenerManager.swift */,
				A85345692EFFD6E80068A87F /* AppViewModel.swift */,
			);
			path = ViewModels;
			sourceTree = "<group>";
		};
		A853457C2EFFFD8A0068A87F /* Listener */ = {
			isa = PBXGroup;
			children = (
				A8B4E8452EFEDA57004D4922 /* GlobalKeyListener.swift */,
			);
			path = Listener;
			sourceTree = "<group>";
		};
		A8B4E82E2EFEDA01004D4922 = {
			isa = PBXGroup;
			children = (
				A853457C2EFFFD8A0068A87F /* Listener */,
				A85345792EFFFD1D0068A87F /* ViewModels */,
				A85345612EFFC8B80068A87F /* Engine */,
				A85345602EFFC88F0068A87F /* System */,
				A853455F2EFFC8670068A87F /* UI */,
				A853455E2EFFC84D0068A87F /* App */,
				A853455A2EFFC7580068A87F /* Repositories */,
				A85345592EFFC7510068A87F /* Database */,
				A85345582EFFC7470068A87F /* Models */,
				A8B4E8392EFEDA01004D4922 /* KeyExpander */,
				A8B4E8382EFEDA01004D4922 /* Products */,
			);
			sourceTree = "<group>";
		};
		A8B4E8382EFEDA01004D4922 /* Products */ = {
			isa = PBXGroup;
			children = (
				A8B4E8372EFEDA01004D4922 /* KeyExpander.app */,
			);
			name = Products;
			sourceTree = "<group>";
		};
/* End PBXGroup section */

/* Begin PBXNativeTarget section */
		A8B4E8362EFEDA01004D4922 /* KeyExpander */ = {
			isa = PBXNativeTarget;
			buildConfigurationList = A8B4E8422EFEDA02004D4922 /* Build configuration list for PBXNativeTarget "KeyExpander" */;
			buildPhases = (
				A8B4E8332EFEDA01004D4922 /* Sources */,
				A8B4E8342EFEDA01004D4922 /* Frameworks */,
				A8B4E8352EFEDA01004D4922 /* Resources */,
			);
			buildRules = (
			);
			dependencies = (
			);
			fileSystemSynchronizedGroups = (
				A8B4E8392EFEDA01004D4922 /* KeyExpander */,
			);
			name = KeyExpander;
			packageProductDependencies = (
				A85345562EFFC7210068A87F /* SQLite */,
			);
			productName = KeyExpander;
			productReference = A8B4E8372EFEDA01004D4922 /* KeyExpander.app */;
			productType = "com.apple.product-type.application";
		};
/* End PBXNativeTarget section */

/* Begin PBXProject section */
		A8B4E82F2EFEDA01004D4922 /* Project object */ = {
			isa = PBXProject;
			attributes = {
				BuildIndependentTargetsInParallel = 1;
				LastSwiftUpdateCheck = 2620;
				LastUpgradeCheck = 2630;
				TargetAttributes = {
					A8B4E8362EFEDA01004D4922 = {
						CreatedOnToolsVersion = 26.2;
					};
				};
			};
			buildConfigurationList = A8B4E8322EFEDA01004D4922 /* Build configuration list for PBXProject "KeyExpander" */;
			developmentRegion = en;
			hasScannedForEncodings = 0;
			knownRegions = (
				en,
				Base,
			);
			mainGroup = A8B4E82E2EFEDA01004D4922;
			minimizedProjectReferenceProxies = 1;
			packageReferences = (
				A85345552EFFC7210068A87F /* XCRemoteSwiftPackageReference "SQLite" */,
			);
			preferredProjectObjectVersion = 77;
			productRefGroup = A8B4E8382EFEDA01004D4922 /* Products */;
			projectDirPath = "";
			projectRoot = "";
			targets = (
				A8B4E8362EFEDA01004D4922 /* KeyExpander */,
			);
		};
/* End PBXProject section */

/* Begin PBXResourcesBuildPhase section */
		A8B4E8352EFEDA01004D4922 /* Resources */ = {
			isa = PBXResourcesBuildPhase;
			buildActionMask = 2147483647;
			files = (
			);
			runOnlyForDeploymentPostprocessing = 0;
		};
/* End PBXResourcesBuildPhase section */

/* Begin PBXSourcesBuildPhase section */
		A8B4E8332EFEDA01004D4922 /* Sources */ = {
			isa = PBXSourcesBuildPhase;
			buildActionMask = 2147483647;
			files = (
				A85345762EFFD7510068A87F /* NewSnippetSheet.swift in Sources */,
				A85345632EFFCA5C0068A87F /* DatabaseManager.swift in Sources */,
				A85345662EFFD6AB0068A87F /* Category.swift in Sources */,
				A85345742EFFD74A0068A87F /* NewCategorySheet.swift in Sources */,
				A853456A2EFFD6E80068A87F /* AppViewModel.swift in Sources */,
				A85345682EFFD6C50068A87F /* CategoryRepository.swift in Sources */,
				A853456E2EFFD71F0068A87F /* SnippetListView.swift in Sources */,
				A85345622EFFCA4F0068A87F /* Snippet.swift in Sources */,
				A8B4E84C2EFEDADB004D4922 /* StatusBarController.swift in Sources */,
				A88A41D52F64D69D00C1D450 /* EditCategorySheet.swift in Sources */,
				A853457B2EFFFD470068A87F /* ListenerManager.swift in Sources */,
				A85345522EFFC6540068A87F /* ContentView.swift in Sources */,
				A85345532EFFC6540068A87F /* KeyExpanderApp.swift in Sources */,
				A8B4E8482EFEDA73004D4922 /* TextEngine.swift in Sources */,
				A85345642EFFCA640068A87F /* SnippetRepository.swift in Sources */,
				A853456C2EFFD7150068A87F /* SidebarView.swift in Sources */,
				A8B4E8462EFEDA57004D4922 /* GlobalKeyListener.swift in Sources */,
				A85345722EFFD7380068A87F /* SnippetEditorView.swift in Sources */,
				A80695542F64FCDA000EFE55 /* AppTypography.swift in Sources */,
				A88A41DB2F64DBB000C1D450 /* PermissionGateView.swift in Sources */,
			);
			runOnlyForDeploymentPostprocessing = 0;
		};
/* End PBXSourcesBuildPhase section */

/* Begin XCBuildConfiguration section */
		A8B4E8402EFEDA02004D4922 /* Debug */ = {
			isa = XCBuildConfiguration;
			buildSettings = {
				ALWAYS_SEARCH_USER_PATHS = NO;
				ASSETCATALOG_COMPILER_GENERATE_SWIFT_ASSET_SYMBOL_EXTENSIONS = YES;
				CLANG_ANALYZER_NONNULL = YES;
				CLANG_ANALYZER_NUMBER_OBJECT_CONVERSION = YES_AGGRESSIVE;
				CLANG_CXX_LANGUAGE_STANDARD = "gnu++20";
				CLANG_ENABLE_MODULES = YES;
				CLANG_ENABLE_OBJC_ARC = YES;
				CLANG_ENABLE_OBJC_WEAK = YES;
				CLANG_WARN_BLOCK_CAPTURE_AUTORELEASING = YES;
				CLANG_WARN_BOOL_CONVERSION = YES;
				CLANG_WARN_COMMA = YES;
				CLANG_WARN_CONSTANT_CONVERSION = YES;
				CLANG_WARN_DEPRECATED_OBJC_IMPLEMENTATIONS = YES;
				CLANG_WARN_DIRECT_OBJC_ISA_USAGE = YES_ERROR;
				CLANG_WARN_DOCUMENTATION_COMMENTS = YES;
				CLANG_WARN_EMPTY_BODY = YES;
				CLANG_WARN_ENUM_CONVERSION = YES;
				CLANG_WARN_INFINITE_RECURSION = YES;
				CLANG_WARN_INT_CONVERSION = YES;
				CLANG_WARN_NON_LITERAL_NULL_CONVERSION = YES;
				CLANG_WARN_OBJC_IMPLICIT_RETAIN_SELF = YES;
				CLANG_WARN_OBJC_LITERAL_CONVERSION = YES;
				CLANG_WARN_OBJC_ROOT_CLASS = YES_ERROR;
				CLANG_WARN_QUOTED_INCLUDE_IN_FRAMEWORK_HEADER = YES;
				CLANG_WARN_RANGE_LOOP_ANALYSIS = YES;
				CLANG_WARN_STRICT_PROTOTYPES = YES;
				CLANG_WARN_SUSPICIOUS_MOVE = YES;
				CLANG_WARN_UNGUARDED_AVAILABILITY = YES_AGGRESSIVE;
				CLANG_WARN_UNREACHABLE_CODE = YES;
				CLANG_WARN__DUPLICATE_METHOD_MATCH = YES;
				COPY_PHASE_STRIP = NO;
				DEAD_CODE_STRIPPING = YES;
				DEBUG_INFORMATION_FORMAT = dwarf;
				DEVELOPMENT_TEAM = L6U2HDSKM9;
				ENABLE_STRICT_OBJC_MSGSEND = YES;
				ENABLE_TESTABILITY = YES;
				ENABLE_USER_SCRIPT_SANDBOXING = YES;
				GCC_C_LANGUAGE_STANDARD = gnu17;
				GCC_DYNAMIC_NO_PIC = NO;
				GCC_NO_COMMON_BLOCKS = YES;
				GCC_OPTIMIZATION_LEVEL = 0;
				GCC_PREPROCESSOR_DEFINITIONS = (
					"DEBUG=1",
					"$(inherited)",
				);
				GCC_WARN_64_TO_32_BIT_CONVERSION = YES;
				GCC_WARN_ABOUT_RETURN_TYPE = YES_ERROR;
				GCC_WARN_UNDECLARED_SELECTOR = YES;
				GCC_WARN_UNINITIALIZED_AUTOS = YES_AGGRESSIVE;
				GCC_WARN_UNUSED_FUNCTION = YES;
				GCC_WARN_UNUSED_VARIABLE = YES;
				LOCALIZATION_PREFERS_STRING_CATALOGS = YES;
				MTL_ENABLE_DEBUG_INFO = INCLUDE_SOURCE;
				MTL_FAST_MATH = YES;
				ONLY_ACTIVE_ARCH = YES;
				STRING_CATALOG_GENERATE_SYMBOLS = YES;
				SWIFT_ACTIVE_COMPILATION_CONDITIONS = "DEBUG $(inherited)";
				SWIFT_OPTIMIZATION_LEVEL = "-Onone";
			};
			name = Debug;
		};
		A8B4E8412EFEDA02004D4922 /* Release */ = {
			isa = XCBuildConfiguration;
			buildSettings = {
				ALWAYS_SEARCH_USER_PATHS = NO;
				ASSETCATALOG_COMPILER_GENERATE_SWIFT_ASSET_SYMBOL_EXTENSIONS = YES;
				CLANG_ANALYZER_NONNULL = YES;
				CLANG_ANALYZER_NUMBER_OBJECT_CONVERSION = YES_AGGRESSIVE;
				CLANG_CXX_LANGUAGE_STANDARD = "gnu++20";
				CLANG_ENABLE_MODULES = YES;
				CLANG_ENABLE_OBJC_ARC = YES;
				CLANG_ENABLE_OBJC_WEAK = YES;
				CLANG_WARN_BLOCK_CAPTURE_AUTORELEASING = YES;
				CLANG_WARN_BOOL_CONVERSION = YES;
				CLANG_WARN_COMMA = YES;
				CLANG_WARN_CONSTANT_CONVERSION = YES;
				CLANG_WARN_DEPRECATED_OBJC_IMPLEMENTATIONS = YES;
				CLANG_WARN_DIRECT_OBJC_ISA_USAGE = YES_ERROR;
				CLANG_WARN_DOCUMENTATION_COMMENTS = YES;
				CLANG_WARN_EMPTY_BODY = YES;
				CLANG_WARN_ENUM_CONVERSION = YES;
				CLANG_WARN_INFINITE_RECURSION = YES;
				CLANG_WARN_INT_CONVERSION = YES;
				CLANG_WARN_NON_LITERAL_NULL_CONVERSION = YES;
				CLANG_WARN_OBJC_IMPLICIT_RETAIN_SELF = YES;
				CLANG_WARN_OBJC_LITERAL_CONVERSION = YES;
				CLANG_WARN_OBJC_ROOT_CLASS = YES_ERROR;
				CLANG_WARN_QUOTED_INCLUDE_IN_FRAMEWORK_HEADER = YES;
				CLANG_WARN_RANGE_LOOP_ANALYSIS = YES;
				CLANG_WARN_STRICT_PROTOTYPES = YES;
				CLANG_WARN_SUSPICIOUS_MOVE = YES;
				CLANG_WARN_UNGUARDED_AVAILABILITY = YES_AGGRESSIVE;
				CLANG_WARN_UNREACHABLE_CODE = YES;
				CLANG_WARN__DUPLICATE_METHOD_MATCH = YES;
				COPY_PHASE_STRIP = NO;
				DEAD_CODE_STRIPPING = YES;
				DEBUG_INFORMATION_FORMAT = "dwarf-with-dsym";
				DEVELOPMENT_TEAM = L6U2HDSKM9;
				ENABLE_NS_ASSERTIONS = NO;
				ENABLE_STRICT_OBJC_MSGSEND = YES;
				ENABLE_USER_SCRIPT_SANDBOXING = YES;
				GCC_C_LANGUAGE_STANDARD = gnu17;
				GCC_NO_COMMON_BLOCKS = YES;
				GCC_WARN_64_TO_32_BIT_CONVERSION = YES;
				GCC_WARN_ABOUT_RETURN_TYPE = YES_ERROR;
				GCC_WARN_UNDECLARED_SELECTOR = YES;
				GCC_WARN_UNINITIALIZED_AUTOS = YES_AGGRESSIVE;
				GCC_WARN_UNUSED_FUNCTION = YES;
				GCC_WARN_UNUSED_VARIABLE = YES;
				LOCALIZATION_PREFERS_STRING_CATALOGS = YES;
				MTL_ENABLE_DEBUG_INFO = NO;
				MTL_FAST_MATH = YES;
				STRING_CATALOG_GENERATE_SYMBOLS = YES;
				SWIFT_COMPILATION_MODE = wholemodule;
			};
			name = Release;
		};
		A8B4E8432EFEDA02004D4922 /* Debug */ = {
			isa = XCBuildConfiguration;
			buildSettings = {
				ASSETCATALOG_COMPILER_APPICON_NAME = AppIcon;
				ASSETCATALOG_COMPILER_GLOBAL_ACCENT_COLOR_NAME = AccentColor;
				"CODE_SIGN_IDENTITY[sdk=macosx*]" = "-";
				CODE_SIGN_STYLE = Automatic;
				CURRENT_PROJECT_VERSION = 1;
				DEAD_CODE_STRIPPING = YES;
				ENABLE_APP_SANDBOX = NO;
				ENABLE_PREVIEWS = YES;
				ENABLE_USER_SELECTED_FILES = readonly;
				GENERATE_INFOPLIST_FILE = YES;
				INFOPLIST_KEY_CFBundleDisplayName = KeyExpander;
				"INFOPLIST_KEY_UIApplicationSceneManifest_Generation[sdk=iphoneos*]" = YES;
				"INFOPLIST_KEY_UIApplicationSceneManifest_Generation[sdk=iphonesimulator*]" = YES;
				"INFOPLIST_KEY_UIApplicationSupportsIndirectInputEvents[sdk=iphoneos*]" = YES;
				"INFOPLIST_KEY_UIApplicationSupportsIndirectInputEvents[sdk=iphonesimulator*]" = YES;
				"INFOPLIST_KEY_UILaunchScreen_Generation[sdk=iphoneos*]" = YES;
				"INFOPLIST_KEY_UILaunchScreen_Generation[sdk=iphonesimulator*]" = YES;
				"INFOPLIST_KEY_UIStatusBarStyle[sdk=iphoneos*]" = UIStatusBarStyleDefault;
				"INFOPLIST_KEY_UIStatusBarStyle[sdk=iphonesimulator*]" = UIStatusBarStyleDefault;
				INFOPLIST_KEY_UISupportedInterfaceOrientations_iPad = "UIInterfaceOrientationPortrait UIInterfaceOrientationPortraitUpsideDown UIInterfaceOrientationLandscapeLeft UIInterfaceOrientationLandscapeRight";
				INFOPLIST_KEY_UISupportedInterfaceOrientations_iPhone = "UIInterfaceOrientationPortrait UIInterfaceOrientationLandscapeLeft UIInterfaceOrientationLandscapeRight";
				IPHONEOS_DEPLOYMENT_TARGET = 26.2;
				LD_RUNPATH_SEARCH_PATHS = "@executable_path/Frameworks";
				"LD_RUNPATH_SEARCH_PATHS[sdk=macosx*]" = "@executable_path/../Frameworks";
				MACOSX_DEPLOYMENT_TARGET = 15.7;
				MARKETING_VERSION = 1.0;
				PRODUCT_BUNDLE_IDENTIFIER = com.app.KeyExpander;
				PRODUCT_NAME = "$(TARGET_NAME)";
				REGISTER_APP_GROUPS = YES;
				SDKROOT = auto;
				STRING_CATALOG_GENERATE_SYMBOLS = YES;
				SUPPORTED_PLATFORMS = macosx;
				SUPPORTS_MACCATALYST = NO;
				SWIFT_APPROACHABLE_CONCURRENCY = YES;
				SWIFT_DEFAULT_ACTOR_ISOLATION = MainActor;
				SWIFT_EMIT_LOC_STRINGS = YES;
				SWIFT_UPCOMING_FEATURE_MEMBER_IMPORT_VISIBILITY = YES;
				SWIFT_VERSION = 5.0;
				XROS_DEPLOYMENT_TARGET = 26.2;
			};
			name = Debug;
		};
		A8B4E8442EFEDA02004D4922 /* Release */ = {
			isa = XCBuildConfiguration;
			buildSettings = {
				ASSETCATALOG_COMPILER_APPICON_NAME = AppIcon;
				ASSETCATALOG_COMPILER_GLOBAL_ACCENT_COLOR_NAME = AccentColor;
				"CODE_SIGN_IDENTITY[sdk=macosx*]" = "-";
				CODE_SIGN_STYLE = Automatic;
				CURRENT_PROJECT_VERSION = 1;
				DEAD_CODE_STRIPPING = YES;
				ENABLE_APP_SANDBOX = NO;
				ENABLE_PREVIEWS = YES;
				ENABLE_USER_SELECTED_FILES = readonly;
				GENERATE_INFOPLIST_FILE = YES;
				INFOPLIST_KEY_CFBundleDisplayName = KeyExpander;
				"INFOPLIST_KEY_UIApplicationSceneManifest_Generation[sdk=iphoneos*]" = YES;
				"INFOPLIST_KEY_UIApplicationSceneManifest_Generation[sdk=iphonesimulator*]" = YES;
				"INFOPLIST_KEY_UIApplicationSupportsIndirectInputEvents[sdk=iphoneos*]" = YES;
				"INFOPLIST_KEY_UIApplicationSupportsIndirectInputEvents[sdk=iphonesimulator*]" = YES;
				"INFOPLIST_KEY_UILaunchScreen_Generation[sdk=iphoneos*]" = YES;
				"INFOPLIST_KEY_UILaunchScreen_Generation[sdk=iphonesimulator*]" = YES;
				"INFOPLIST_KEY_UIStatusBarStyle[sdk=iphoneos*]" = UIStatusBarStyleDefault;
				"INFOPLIST_KEY_UIStatusBarStyle[sdk=iphonesimulator*]" = UIStatusBarStyleDefault;
				INFOPLIST_KEY_UISupportedInterfaceOrientations_iPad = "UIInterfaceOrientationPortrait UIInterfaceOrientationPortraitUpsideDown UIInterfaceOrientationLandscapeLeft UIInterfaceOrientationLandscapeRight";
				INFOPLIST_KEY_UISupportedInterfaceOrientations_iPhone = "UIInterfaceOrientationPortrait UIInterfaceOrientationLandscapeLeft UIInterfaceOrientationLandscapeRight";
				IPHONEOS_DEPLOYMENT_TARGET = 26.2;
				LD_RUNPATH_SEARCH_PATHS = "@executable_path/Frameworks";
				"LD_RUNPATH_SEARCH_PATHS[sdk=macosx*]" = "@executable_path/../Frameworks";
				MACOSX_DEPLOYMENT_TARGET = 15.7;
				MARKETING_VERSION = 1.0;
				PRODUCT_BUNDLE_IDENTIFIER = com.app.KeyExpander;
				PRODUCT_NAME = "$(TARGET_NAME)";
				REGISTER_APP_GROUPS = YES;
				SDKROOT = auto;
				STRING_CATALOG_GENERATE_SYMBOLS = YES;
				SUPPORTED_PLATFORMS = macosx;
				SUPPORTS_MACCATALYST = NO;
				SWIFT_APPROACHABLE_CONCURRENCY = YES;
				SWIFT_DEFAULT_ACTOR_ISOLATION = MainActor;
				SWIFT_EMIT_LOC_STRINGS = YES;
				SWIFT_UPCOMING_FEATURE_MEMBER_IMPORT_VISIBILITY = YES;
				SWIFT_VERSION = 5.0;
				XROS_DEPLOYMENT_TARGET = 26.2;
			};
			name = Release;
		};
/* End XCBuildConfiguration section */

/* Begin XCConfigurationList section */
		A8B4E8322EFEDA01004D4922 /* Build configuration list for PBXProject "KeyExpander" */ = {
			isa = XCConfigurationList;
			buildConfigurations = (
				A8B4E8402EFEDA02004D4922 /* Debug */,
				A8B4E8412EFEDA02004D4922 /* Release */,
			);
			defaultConfigurationIsVisible = 0;
			defaultConfigurationName = Release;
		};
		A8B4E8422EFEDA02004D4922 /* Build configuration list for PBXNativeTarget "KeyExpander" */ = {
			isa = XCConfigurationList;
			buildConfigurations = (
				A8B4E8432EFEDA02004D4922 /* Debug */,
				A8B4E8442EFEDA02004D4922 /* Release */,
			);
			defaultConfigurationIsVisible = 0;
			defaultConfigurationName = Release;
		};
/* End XCConfigurationList section */

/* Begin XCRemoteSwiftPackageReference section */
		A85345552EFFC7210068A87F /* XCRemoteSwiftPackageReference "SQLite" */ = {
			isa = XCRemoteSwiftPackageReference;
			repositoryURL = "https://github.com/stephencelis/SQLite.swift";
			requirement = {
				kind = upToNextMajorVersion;
				minimumVersion = 0.15.4;
			};
		};
/* End XCRemoteSwiftPackageReference section */

/* Begin XCSwiftPackageProductDependency section */
		A85345562EFFC7210068A87F /* SQLite */ = {
			isa = XCSwiftPackageProductDependency;
			package = A85345552EFFC7210068A87F /* XCRemoteSwiftPackageReference "SQLite" */;
			productName = SQLite;
		};
/* End XCSwiftPackageProductDependency section */
	};
	rootObject = A8B4E82F2EFEDA01004D4922 /* Project object */;
}
